// !$*UTF8*$!
{
	archiveVersion = 1;
	classes = {
	};
	objectVersion = 46;
	objects = {

/* Begin PBXBuildFile section */
		830883031D5DAF5100B8A3AD /* TektokeeTicket.swift in Sources */ = {isa = PBXBuildFile; fileRef = 830883021D5DAF5100B8A3AD /* TektokeeTicket.swift */; };
		830883081D60006400B8A3AD /* TicketInfoViewController.swift in Sources */ = {isa = PBXBuildFile; fileRef = 830883071D60006400B8A3AD /* TicketInfoViewController.swift */; };
		8324F1401D5B22F600F90F18 /* TekTokeeViewController.swift in Sources */ = {isa = PBXBuildFile; fileRef = 8324F13F1D5B22F600F90F18 /* TekTokeeViewController.swift */; };
		83788CB31D5AD4410067EFFF /* MySqlSwiftNative.framework in Frameworks */ = {isa = PBXBuildFile; fileRef = 833AA2CB1D5A08A300DB5855 /* MySqlSwiftNative.framework */; };
		83C9984C1D5B64D700B003F6 /* 1.png in Resources */ = {isa = PBXBuildFile; fileRef = 83C998411D5B64D700B003F6 /* 1.png */; };
		83C9984D1D5B64D700B003F6 /* CannotReceiveRequests.png in Resources */ = {isa = PBXBuildFile; fileRef = 83C998421D5B64D700B003F6 /* CannotReceiveRequests.png */; };
		83C9984E1D5B64D700B003F6 /* HelpBeaconButton.png in Resources */ = {isa = PBXBuildFile; fileRef = 83C998431D5B64D700B003F6 /* HelpBeaconButton.png */; };
		83C9984F1D5B64D700B003F6 /* HelpBeaconDetected.png in Resources */ = {isa = PBXBuildFile; fileRef = 83C998441D5B64D700B003F6 /* HelpBeaconDetected.png */; };
		83C998501D5B64D700B003F6 /* HelpBeaconGif.mp4 in Resources */ = {isa = PBXBuildFile; fileRef = 83C998451D5B64D700B003F6 /* HelpBeaconGif.mp4 */; };
		83C998511D5B64D700B003F6 /* HelpRequestsAvailable.png in Resources */ = {isa = PBXBuildFile; fileRef = 83C998461D5B64D700B003F6 /* HelpRequestsAvailable.png */; };
		83C998531D5B64D700B003F6 /* JIC.png in Resources */ = {isa = PBXBuildFile; fileRef = 83C998481D5B64D700B003F6 /* JIC.png */; };
		83C998541D5B64D700B003F6 /* Icon.png in Resources */ = {isa = PBXBuildFile; fileRef = 83C998491D5B64D700B003F6 /* Icon.png */; };
		83C998551D5B64D700B003F6 /* noInternet.png in Resources */ = {isa = PBXBuildFile; fileRef = 83C9984A1D5B64D700B003F6 /* noInternet.png */; };
		83C998561D5B64D700B003F6 /* TekTokAwaitingHelpRequest.png in Resources */ = {isa = PBXBuildFile; fileRef = 83C9984B1D5B64D700B003F6 /* TekTokAwaitingHelpRequest.png */; };
		83C998581D5B6CC600B003F6 /* TableViewController.swift in Sources */ = {isa = PBXBuildFile; fileRef = 83C998571D5B6CC600B003F6 /* TableViewController.swift */; };
		83C998601D5BF06400B003F6 /* o_d5c638efe3964d85-0.jpg in Resources */ = {isa = PBXBuildFile; fileRef = 83C998591D5BF06400B003F6 /* o_d5c638efe3964d85-0.jpg */; };
		83C998611D5BF06400B003F6 /* o_d5c638efe3964d85-1.jpg in Resources */ = {isa = PBXBuildFile; fileRef = 83C9985A1D5BF06400B003F6 /* o_d5c638efe3964d85-1.jpg */; };
		83C998621D5BF06400B003F6 /* o_d5c638efe3964d85-2.jpg in Resources */ = {isa = PBXBuildFile; fileRef = 83C9985B1D5BF06400B003F6 /* o_d5c638efe3964d85-2.jpg */; };
		83C998631D5BF06400B003F6 /* o_d5c638efe3964d85-3.jpg in Resources */ = {isa = PBXBuildFile; fileRef = 83C9985C1D5BF06400B003F6 /* o_d5c638efe3964d85-3.jpg */; };
		83C998641D5BF06400B003F6 /* o_d5c638efe3964d85-4.jpg in Resources */ = {isa = PBXBuildFile; fileRef = 83C9985D1D5BF06400B003F6 /* o_d5c638efe3964d85-4.jpg */; };
		83C998651D5BF06400B003F6 /* o_d5c638efe3964d85-5.jpg in Resources */ = {isa = PBXBuildFile; fileRef = 83C9985E1D5BF06400B003F6 /* o_d5c638efe3964d85-5.jpg */; };
		83C998661D5BF06400B003F6 /* o_d5c638efe3964d85-6.jpg in Resources */ = {isa = PBXBuildFile; fileRef = 83C9985F1D5BF06400B003F6 /* o_d5c638efe3964d85-6.jpg */; };
		83C998DA1D5D4E1F00B003F6 /* TicketViewController.swift in Sources */ = {isa = PBXBuildFile; fileRef = 83C998D91D5D4E1E00B003F6 /* TicketViewController.swift */; };
		83E8B8531D597A6F00224AB2 /* AppDelegate.swift in Sources */ = {isa = PBXBuildFile; fileRef = 83E8B8521D597A6F00224AB2 /* AppDelegate.swift */; };
		83E8B8551D597A6F00224AB2 /* ViewController.swift in Sources */ = {isa = PBXBuildFile; fileRef = 83E8B8541D597A6F00224AB2 /* ViewController.swift */; };
		83E8B8581D597A6F00224AB2 /* Main.storyboard in Resources */ = {isa = PBXBuildFile; fileRef = 83E8B8561D597A6F00224AB2 /* Main.storyboard */; };
		83E8B85A1D597A6F00224AB2 /* Assets.xcassets in Resources */ = {isa = PBXBuildFile; fileRef = 83E8B8591D597A6F00224AB2 /* Assets.xcassets */; };
		83E8B85D1D597A6F00224AB2 /* LaunchScreen.storyboard in Resources */ = {isa = PBXBuildFile; fileRef = 83E8B85B1D597A6F00224AB2 /* LaunchScreen.storyboard */; };
		83E8B8651D597B6000224AB2 /* GoogleService-Info.plist in Resources */ = {isa = PBXBuildFile; fileRef = 83E8B8641D597B6000224AB2 /* GoogleService-Info.plist */; };
		83E8B8941D59A73600224AB2 /* TektokkerViewController.swift in Sources */ = {isa = PBXBuildFile; fileRef = 83E8B8931D59A73600224AB2 /* TektokkerViewController.swift */; };
		8A70C3E02A4D7536F59825D4 /* Pods_TekTok_IOS.framework in Frameworks */ = {isa = PBXBuildFile; fileRef = 5FEB97FC307ED3FE99018D7B /* Pods_TekTok_IOS.framework */; };
/* End PBXBuildFile section */

/* Begin PBXFileReference section */
		27093C877295E9B79084EFE8 /* Pods-TekTok IOS.debug.xcconfig */ = {isa = PBXFileReference; includeInIndex = 1; lastKnownFileType = text.xcconfig; name = "Pods-TekTok IOS.debug.xcconfig"; path = "Pods/Target Support Files/Pods-TekTok IOS/Pods-TekTok IOS.debug.xcconfig"; sourceTree = "<group>"; };
		5FEB97FC307ED3FE99018D7B /* Pods_TekTok_IOS.framework */ = {isa = PBXFileReference; explicitFileType = wrapper.framework; includeInIndex = 0; path = Pods_TekTok_IOS.framework; sourceTree = BUILT_PRODUCTS_DIR; };
		830883021D5DAF5100B8A3AD /* TektokeeTicket.swift */ = {isa = PBXFileReference; fileEncoding = 4; lastKnownFileType = sourcecode.swift; path = TektokeeTicket.swift; sourceTree = "<group>"; };
		830883071D60006400B8A3AD /* TicketInfoViewController.swift */ = {isa = PBXFileReference; fileEncoding = 4; lastKnownFileType = sourcecode.swift; path = TicketInfoViewController.swift; sourceTree = "<group>"; };
		8324F13F1D5B22F600F90F18 /* TekTokeeViewController.swift */ = {isa = PBXFileReference; fileEncoding = 4; lastKnownFileType = sourcecode.swift; path = TekTokeeViewController.swift; sourceTree = "<group>"; };
		833AA2CA1D5A08A300DB5855 /* MySQLDriverSwift.framework */ = {isa = PBXFileReference; lastKnownFileType = wrapper.framework; name = MySQLDriverSwift.framework; path = "../../Library/Developer/Xcode/DerivedData/TekTok_IOS-guhrroknzkesphgspclsqtgmzola/Build/Products/Debug-iphonesimulator/MySQLDriverSwift/MySQLDriverSwift.framework"; sourceTree = "<group>"; };
		833AA2CB1D5A08A300DB5855 /* MySqlSwiftNative.framework */ = {isa = PBXFileReference; lastKnownFileType = wrapper.framework; name = MySqlSwiftNative.framework; path = "../../Library/Developer/Xcode/DerivedData/TekTok_IOS-guhrroknzkesphgspclsqtgmzola/Build/Products/Debug-iphonesimulator/MySqlSwiftNative/MySqlSwiftNative.framework"; sourceTree = "<group>"; };
		83C998411D5B64D700B003F6 /* 1.png */ = {isa = PBXFileReference; lastKnownFileType = image.png; name = 1.png; path = Resources/1.png; sourceTree = "<group>"; };
		83C998421D5B64D700B003F6 /* CannotReceiveRequests.png */ = {isa = PBXFileReference; lastKnownFileType = image.png; name = CannotReceiveRequests.png; path = Resources/CannotReceiveRequests.png; sourceTree = "<group>"; };
		83C998431D5B64D700B003F6 /* HelpBeaconButton.png */ = {isa = PBXFileReference; lastKnownFileType = image.png; name = HelpBeaconButton.png; path = Resources/HelpBeaconButton.png; sourceTree = "<group>"; };
		83C998441D5B64D700B003F6 /* HelpBeaconDetected.png */ = {isa = PBXFileReference; lastKnownFileType = image.png; name = HelpBeaconDetected.png; path = Resources/HelpBeaconDetected.png; sourceTree = "<group>"; };
		83C998451D5B64D700B003F6 /* HelpBeaconGif.mp4 */ = {isa = PBXFileReference; lastKnownFileType = file; name = HelpBeaconGif.mp4; path = Resources/HelpBeaconGif.mp4; sourceTree = "<group>"; };
		83C998461D5B64D700B003F6 /* HelpRequestsAvailable.png */ = {isa = PBXFileReference; lastKnownFileType = image.png; name = HelpRequestsAvailable.png; path = Resources/HelpRequestsAvailable.png; sourceTree = "<group>"; };
		83C998481D5B64D700B003F6 /* JIC.png */ = {isa = PBXFileReference; lastKnownFileType = image.png; name = JIC.png; path = Resources/JIC.png; sourceTree = "<group>"; };
		83C998491D5B64D700B003F6 /* Icon.png */ = {isa = PBXFileReference; lastKnownFileType = image.png; name = Icon.png; path = Resources/Icon.png; sourceTree = "<group>"; };
		83C9984A1D5B64D700B003F6 /* noInternet.png */ = {isa = PBXFileReference; lastKnownFileType = image.png; name = noInternet.png; path = Resources/noInternet.png; sourceTree = "<group>"; };
		83C9984B1D5B64D700B003F6 /* TekTokAwaitingHelpRequest.png */ = {isa = PBXFileReference; lastKnownFileType = image.png; name = TekTokAwaitingHelpRequest.png; path = Resources/TekTokAwaitingHelpRequest.png; sourceTree = "<group>"; };
		83C998571D5B6CC600B003F6 /* TableViewController.swift */ = {isa = PBXFileReference; fileEncoding = 4; lastKnownFileType = sourcecode.swift; path = TableViewController.swift; sourceTree = "<group>"; };
		83C998591D5BF06400B003F6 /* o_d5c638efe3964d85-0.jpg */ = {isa = PBXFileReference; lastKnownFileType = image.jpeg; path = "o_d5c638efe3964d85-0.jpg"; sourceTree = "<group>"; };
		83C9985A1D5BF06400B003F6 /* o_d5c638efe3964d85-1.jpg */ = {isa = PBXFileReference; lastKnownFileType = image.jpeg; path = "o_d5c638efe3964d85-1.jpg"; sourceTree = "<group>"; };
		83C9985B1D5BF06400B003F6 /* o_d5c638efe3964d85-2.jpg */ = {isa = PBXFileReference; lastKnownFileType = image.jpeg; path = "o_d5c638efe3964d85-2.jpg"; sourceTree = "<group>"; };
		83C9985C1D5BF06400B003F6 /* o_d5c638efe3964d85-3.jpg */ = {isa = PBXFileReference; lastKnownFileType = image.jpeg; path = "o_d5c638efe3964d85-3.jpg"; sourceTree = "<group>"; };
		83C9985D1D5BF06400B003F6 /* o_d5c638efe3964d85-4.jpg */ = {isa = PBXFileReference; lastKnownFileType = image.jpeg; path = "o_d5c638efe3964d85-4.jpg"; sourceTree = "<group>"; };
		83C9985E1D5BF06400B003F6 /* o_d5c638efe3964d85-5.jpg */ = {isa = PBXFileReference; lastKnownFileType = image.jpeg; path = "o_d5c638efe3964d85-5.jpg"; sourceTree = "<group>"; };
		83C9985F1D5BF06400B003F6 /* o_d5c638efe3964d85-6.jpg */ = {isa = PBXFileReference; lastKnownFileType = image.jpeg; path = "o_d5c638efe3964d85-6.jpg"; sourceTree = "<group>"; };
		83C998D91D5D4E1E00B003F6 /* TicketViewController.swift */ = {isa = PBXFileReference; fileEncoding = 4; lastKnownFileType = sourcecode.swift; path = TicketViewController.swift; sourceTree = "<group>"; };
		83E8B84F1D597A6F00224AB2 /* TekTok IOS.app */ = {isa = PBXFileReference; explicitFileType = wrapper.application; includeInIndex = 0; path = "TekTok IOS.app"; sourceTree = BUILT_PRODUCTS_DIR; };
		83E8B8521D597A6F00224AB2 /* AppDelegate.swift */ = {isa = PBXFileReference; lastKnownFileType = sourcecode.swift; path = AppDelegate.swift; sourceTree = "<group>"; };
		83E8B8541D597A6F00224AB2 /* ViewController.swift */ = {isa = PBXFileReference; lastKnownFileType = sourcecode.swift; path = ViewController.swift; sourceTree = "<group>"; };
		83E8B8571D597A6F00224AB2 /* Base */ = {isa = PBXFileReference; lastKnownFileType = file.storyboard; name = Base; path = Base.lproj/Main.storyboard; sourceTree = "<group>"; };
		83E8B8591D597A6F00224AB2 /* Assets.xcassets */ = {isa = PBXFileReference; lastKnownFileType = folder.assetcatalog; path = Assets.xcassets; sourceTree = "<group>"; };
		83E8B85C1D597A6F00224AB2 /* Base */ = {isa = PBXFileReference; lastKnownFileType = file.storyboard; name = Base; path = Base.lproj/LaunchScreen.storyboard; sourceTree = "<group>"; };
		83E8B85E1D597A6F00224AB2 /* Info.plist */ = {isa = PBXFileReference; lastKnownFileType = text.plist.xml; path = Info.plist; sourceTree = "<group>"; };
		83E8B8641D597B6000224AB2 /* GoogleService-Info.plist */ = {isa = PBXFileReference; fileEncoding = 4; lastKnownFileType = text.plist.xml; name = "GoogleService-Info.plist"; path = "TekTok IOS/GoogleService-Info.plist"; sourceTree = "<group>"; };
		83E8B8661D597C0600224AB2 /* TekTok-IOS-Bridging-Header.h */ = {isa = PBXFileReference; lastKnownFileType = sourcecode.c.h; path = "TekTok-IOS-Bridging-Header.h"; sourceTree = "<group>"; };
		83E8B8931D59A73600224AB2 /* TektokkerViewController.swift */ = {isa = PBXFileReference; fileEncoding = 4; lastKnownFileType = sourcecode.swift; name = TektokkerViewController.swift; path = ../TektokkerViewController.swift; sourceTree = "<group>"; };
		958385FF40E9802BA57D1433 /* Pods-TekTok IOS.release.xcconfig */ = {isa = PBXFileReference; includeInIndex = 1; lastKnownFileType = text.xcconfig; name = "Pods-TekTok IOS.release.xcconfig"; path = "Pods/Target Support Files/Pods-TekTok IOS/Pods-TekTok IOS.release.xcconfig"; sourceTree = "<group>"; };
/* End PBXFileReference section */

/* Begin PBXFrameworksBuildPhase section */
		83E8B84C1D597A6F00224AB2 /* Frameworks */ = {
			isa = PBXFrameworksBuildPhase;
			buildActionMask = 2147483647;
			files = (
				83788CB31D5AD4410067EFFF /* MySqlSwiftNative.framework in Frameworks */,
				8A70C3E02A4D7536F59825D4 /* Pods_TekTok_IOS.framework in Frameworks */,
			);
			runOnlyForDeploymentPostprocessing = 0;
		};
/* End PBXFrameworksBuildPhase section */

/* Begin PBXGroup section */
		5F62CDE4F3C18A6331976B81 /* Pods */ = {
			isa = PBXGroup;
			children = (
				27093C877295E9B79084EFE8 /* Pods-TekTok IOS.debug.xcconfig */,
				958385FF40E9802BA57D1433 /* Pods-TekTok IOS.release.xcconfig */,
			);
			name = Pods;
			sourceTree = "<group>";
		};
		83C998401D5B64C900B003F6 /* Resources */ = {
			isa = PBXGroup;
			children = (
				83C998591D5BF06400B003F6 /* o_d5c638efe3964d85-0.jpg */,
				83C9985A1D5BF06400B003F6 /* o_d5c638efe3964d85-1.jpg */,
				83C9985B1D5BF06400B003F6 /* o_d5c638efe3964d85-2.jpg */,
				83C9985C1D5BF06400B003F6 /* o_d5c638efe3964d85-3.jpg */,
				83C9985D1D5BF06400B003F6 /* o_d5c638efe3964d85-4.jpg */,
				83C9985E1D5BF06400B003F6 /* o_d5c638efe3964d85-5.jpg */,
				83C9985F1D5BF06400B003F6 /* o_d5c638efe3964d85-6.jpg */,
				83C998411D5B64D700B003F6 /* 1.png */,
				83C998421D5B64D700B003F6 /* CannotReceiveRequests.png */,
				83C998431D5B64D700B003F6 /* HelpBeaconButton.png */,
				83C998441D5B64D700B003F6 /* HelpBeaconDetected.png */,
				83C998451D5B64D700B003F6 /* HelpBeaconGif.mp4 */,
				83C998461D5B64D700B003F6 /* HelpRequestsAvailable.png */,
				83C998481D5B64D700B003F6 /* JIC.png */,
				83C998491D5B64D700B003F6 /* Icon.png */,
				83C9984A1D5B64D700B003F6 /* noInternet.png */,
				83C9984B1D5B64D700B003F6 /* TekTokAwaitingHelpRequest.png */,
			);
			name = Resources;
			sourceTree = "<group>";
		};
		83E8B8461D597A6F00224AB2 = {
			isa = PBXGroup;
			children = (
				83C998401D5B64C900B003F6 /* Resources */,
				83E8B8661D597C0600224AB2 /* TekTok-IOS-Bridging-Header.h */,
				83E8B8641D597B6000224AB2 /* GoogleService-Info.plist */,
				83E8B8511D597A6F00224AB2 /* TekTok IOS */,
				83E8B8501D597A6F00224AB2 /* Products */,
				5F62CDE4F3C18A6331976B81 /* Pods */,
				FA7FBD76C629703BC691E485 /* Frameworks */,
			);
			sourceTree = "<group>";
		};
		83E8B8501D597A6F00224AB2 /* Products */ = {
			isa = PBXGroup;
			children = (
				83E8B84F1D597A6F00224AB2 /* TekTok IOS.app */,
			);
			name = Products;
			sourceTree = "<group>";
		};
		83E8B8511D597A6F00224AB2 /* TekTok IOS */ = {
			isa = PBXGroup;
			children = (
				830883071D60006400B8A3AD /* TicketInfoViewController.swift */,
				83C998571D5B6CC600B003F6 /* TableViewController.swift */,
				83E8B8931D59A73600224AB2 /* TektokkerViewController.swift */,
				8324F13F1D5B22F600F90F18 /* TekTokeeViewController.swift */,
				830883021D5DAF5100B8A3AD /* TektokeeTicket.swift */,
				83E8B8521D597A6F00224AB2 /* AppDelegate.swift */,
				83C998D91D5D4E1E00B003F6 /* TicketViewController.swift */,
				83E8B8541D597A6F00224AB2 /* ViewController.swift */,
				83E8B8561D597A6F00224AB2 /* Main.storyboard */,
				83E8B8591D597A6F00224AB2 /* Assets.xcassets */,
				83E8B85B1D597A6F00224AB2 /* LaunchScreen.storyboard */,
				83E8B85E1D597A6F00224AB2 /* Info.plist */,
			);
			path = "TekTok IOS";
			sourceTree = "<group>";
		};
		FA7FBD76C629703BC691E485 /* Frameworks */ = {
			isa = PBXGroup;
			children = (
				833AA2CA1D5A08A300DB5855 /* MySQLDriverSwift.framework */,
				833AA2CB1D5A08A300DB5855 /* MySqlSwiftNative.framework */,
				5FEB97FC307ED3FE99018D7B /* Pods_TekTok_IOS.framework */,
			);
			name = Frameworks;
			sourceTree = "<group>";
		};
/* End PBXGroup section */

/* Begin PBXNativeTarget section */
		83E8B84E1D597A6F00224AB2 /* TekTok IOS */ = {
			isa = PBXNativeTarget;
			buildConfigurationList = 83E8B8611D597A6F00224AB2 /* Build configuration list for PBXNativeTarget "TekTok IOS" */;
			buildPhases = (
				E19C35619CE6080358B3A44F /* 📦 Check Pods Manifest.lock */,
				83E8B84B1D597A6F00224AB2 /* Sources */,
				83E8B84C1D597A6F00224AB2 /* Frameworks */,
				83E8B84D1D597A6F00224AB2 /* Resources */,
				9FC0991D6560F9D146D59163 /* 📦 Embed Pods Frameworks */,
				86EE53F904E5BAF0DC9E5EBF /* 📦 Copy Pods Resources */,
			);
			buildRules = (
			);
			dependencies = (
			);
			name = "TekTok IOS";
			productName = "TekTok IOS";
			productReference = 83E8B84F1D597A6F00224AB2 /* TekTok IOS.app */;
			productType = "com.apple.product-type.application";
		};
/* End PBXNativeTarget section */

/* Begin PBXProject section */
		83E8B8471D597A6F00224AB2 /* Project object */ = {
			isa = PBXProject;
			attributes = {
				LastSwiftUpdateCheck = 0730;
				LastUpgradeCheck = 0730;
				ORGANIZATIONNAME = "Zhi Wei Gan";
				TargetAttributes = {
					83E8B84E1D597A6F00224AB2 = {
						CreatedOnToolsVersion = 7.3.1;
						DevelopmentTeam = Q982JUX6E6;
						SystemCapabilities = {
							com.apple.BackgroundModes = {
								enabled = 1;
							};
						};
					};
				};
			};
			buildConfigurationList = 83E8B84A1D597A6F00224AB2 /* Build configuration list for PBXProject "TekTok IOS" */;
			compatibilityVersion = "Xcode 3.2";
			developmentRegion = English;
			hasScannedForEncodings = 0;
			knownRegions = (
				en,
				Base,
			);
			mainGroup = 83E8B8461D597A6F00224AB2;
			productRefGroup = 83E8B8501D597A6F00224AB2 /* Products */;
			projectDirPath = "";
			projectRoot = "";
			targets = (
				83E8B84E1D597A6F00224AB2 /* TekTok IOS */,
			);
		};
/* End PBXProject section */

/* Begin PBXResourcesBuildPhase section */
		83E8B84D1D597A6F00224AB2 /* Resources */ = {
			isa = PBXResourcesBuildPhase;
			buildActionMask = 2147483647;
			files = (
				83C998611D5BF06400B003F6 /* o_d5c638efe3964d85-1.jpg in Resources */,
				83C998531D5B64D700B003F6 /* JIC.png in Resources */,
				83C998651D5BF06400B003F6 /* o_d5c638efe3964d85-5.jpg in Resources */,
				83C998621D5BF06400B003F6 /* o_d5c638efe3964d85-2.jpg in Resources */,
				83E8B85D1D597A6F00224AB2 /* LaunchScreen.storyboard in Resources */,
				83E8B8651D597B6000224AB2 /* GoogleService-Info.plist in Resources */,
				83C998661D5BF06400B003F6 /* o_d5c638efe3964d85-6.jpg in Resources */,
				83E8B85A1D597A6F00224AB2 /* Assets.xcassets in Resources */,
				83E8B8581D597A6F00224AB2 /* Main.storyboard in Resources */,
				83C998551D5B64D700B003F6 /* noInternet.png in Resources */,
				83C998601D5BF06400B003F6 /* o_d5c638efe3964d85-0.jpg in Resources */,
				83C998501D5B64D700B003F6 /* HelpBeaconGif.mp4 in Resources */,
				83C998561D5B64D700B003F6 /* TekTokAwaitingHelpRequest.png in Resources */,
				83C998631D5BF06400B003F6 /* o_d5c638efe3964d85-3.jpg in Resources */,
				83C9984F1D5B64D700B003F6 /* HelpBeaconDetected.png in Resources */,
				83C9984E1D5B64D700B003F6 /* HelpBeaconButton.png in Resources */,
				83C9984D1D5B64D700B003F6 /* CannotReceiveRequests.png in Resources */,
				83C998511D5B64D700B003F6 /* HelpRequestsAvailable.png in Resources */,
				83C9984C1D5B64D700B003F6 /* 1.png in Resources */,
				83C998641D5BF06400B003F6 /* o_d5c638efe3964d85-4.jpg in Resources */,
				83C998541D5B64D700B003F6 /* Icon.png in Resources */,
			);
			runOnlyForDeploymentPostprocessing = 0;
		};
/* End PBXResourcesBuildPhase section */

/* Begin PBXShellScriptBuildPhase section */
		86EE53F904E5BAF0DC9E5EBF /* 📦 Copy Pods Resources */ = {
			isa = PBXShellScriptBuildPhase;
			buildActionMask = 2147483647;
			files = (
			);
			inputPaths = (
			);
			name = "📦 Copy Pods Resources";
			outputPaths = (
			);
			runOnlyForDeploymentPostprocessing = 0;
			shellPath = /bin/sh;
			shellScript = "\"${SRCROOT}/Pods/Target Support Files/Pods-TekTok IOS/Pods-TekTok IOS-resources.sh\"\n";
			showEnvVarsInLog = 0;
		};
		9FC0991D6560F9D146D59163 /* 📦 Embed Pods Frameworks */ = {
			isa = PBXShellScriptBuildPhase;
			buildActionMask = 2147483647;
			files = (
			);
			inputPaths = (
			);
			name = "📦 Embed Pods Frameworks";
			outputPaths = (
			);
			runOnlyForDeploymentPostprocessing = 0;
			shellPath = /bin/sh;
			shellScript = "\"${SRCROOT}/Pods/Target Support Files/Pods-TekTok IOS/Pods-TekTok IOS-frameworks.sh\"\n";
			showEnvVarsInLog = 0;
		};
		E19C35619CE6080358B3A44F /* 📦 Check Pods Manifest.lock */ = {
			isa = PBXShellScriptBuildPhase;
			buildActionMask = 2147483647;
			files = (
			);
			inputPaths = (
			);
			name = "📦 Check Pods Manifest.lock";
			outputPaths = (
			);
			runOnlyForDeploymentPostprocessing = 0;
			shellPath = /bin/sh;
			shellScript = "diff \"${PODS_ROOT}/../Podfile.lock\" \"${PODS_ROOT}/Manifest.lock\" > /dev/null\nif [[ $? != 0 ]] ; then\n    cat << EOM\nerror: The sandbox is not in sync with the Podfile.lock. Run 'pod install' or update your CocoaPods installation.\nEOM\n    exit 1\nfi\n";
			showEnvVarsInLog = 0;
		};
/* End PBXShellScriptBuildPhase section */

/* Begin PBXSourcesBuildPhase section */
		83E8B84B1D597A6F00224AB2 /* Sources */ = {
			isa = PBXSourcesBuildPhase;
			buildActionMask = 2147483647;
			files = (
				830883081D60006400B8A3AD /* TicketInfoViewController.swift in Sources */,
				83E8B8941D59A73600224AB2 /* TektokkerViewController.swift in Sources */,
				83E8B8551D597A6F00224AB2 /* ViewController.swift in Sources */,
				83C998DA1D5D4E1F00B003F6 /* TicketViewController.swift in Sources */,
				8324F1401D5B22F600F90F18 /* TekTokeeViewController.swift in Sources */,
				830883031D5DAF5100B8A3AD /* TektokeeTicket.swift in Sources */,
				83C998581D5B6CC600B003F6 /* TableViewController.swift in Sources */,
				83E8B8531D597A6F00224AB2 /* AppDelegate.swift in Sources */,
			);
			runOnlyForDeploymentPostprocessing = 0;
		};
/* End PBXSourcesBuildPhase section */

/* Begin PBXVariantGroup section */
		83E8B8561D597A6F00224AB2 /* Main.storyboard */ = {
			isa = PBXVariantGroup;
			children = (
				83E8B8571D597A6F00224AB2 /* Base */,
			);
			name = Main.storyboard;
			sourceTree = "<group>";
		};
		83E8B85B1D597A6F00224AB2 /* LaunchScreen.storyboard */ = {
			isa = PBXVariantGroup;
			children = (
				83E8B85C1D597A6F00224AB2 /* Base */,
			);
			name = LaunchScreen.storyboard;
			sourceTree = "<group>";
		};
/* End PBXVariantGroup section */

/* Begin XCBuildConfiguration section */
		83E8B85F1D597A6F00224AB2 /* Debug */ = {
			isa = XCBuildConfiguration;
			buildSettings = {
				ALWAYS_SEARCH_USER_PATHS = NO;
				CLANG_ANALYZER_NONNULL = YES;
				CLANG_CXX_LANGUAGE_STANDARD = "gnu++0x";
				CLANG_CXX_LIBRARY = "libc++";
				CLANG_ENABLE_MODULES = YES;
				CLANG_ENABLE_OBJC_ARC = YES;
				CLANG_WARN_BOOL_CONVERSION = YES;
				CLANG_WARN_CONSTANT_CONVERSION = YES;
				CLANG_WARN_DIRECT_OBJC_ISA_USAGE = YES_ERROR;
				CLANG_WARN_EMPTY_BODY = YES;
				CLANG_WARN_ENUM_CONVERSION = YES;
				CLANG_WARN_INT_CONVERSION = YES;
				CLANG_WARN_OBJC_ROOT_CLASS = YES_ERROR;
				CLANG_WARN_UNREACHABLE_CODE = YES;
				CLANG_WARN__DUPLICATE_METHOD_MATCH = YES;
				"CODE_SIGN_IDENTITY[sdk=iphoneos*]" = "iPhone Developer";
				COPY_PHASE_STRIP = NO;
				DEBUG_INFORMATION_FORMAT = dwarf;
				ENABLE_STRICT_OBJC_MSGSEND = YES;
				ENABLE_TESTABILITY = YES;
				GCC_C_LANGUAGE_STANDARD = gnu99;
				GCC_DYNAMIC_NO_PIC = NO;
				GCC_NO_COMMON_BLOCKS = YES;
				GCC_OPTIMIZATION_LEVEL = 0;
				GCC_PREPROCESSOR_DEFINITIONS = (
					"DEBUG=1",
					"$(inherited)",
				);
				GCC_WARN_64_TO_32_BIT_CONVERSION = YES;
				GCC_WARN_ABOUT_RETURN_TYPE = YES_ERROR;
				GCC_WARN_UNDECLARED_SELECTOR = YES;
				GCC_WARN_UNINITIALIZED_AUTOS = YES_AGGRESSIVE;
				GCC_WARN_UNUSED_FUNCTION = YES;
				GCC_WARN_UNUSED_VARIABLE = YES;
				IPHONEOS_DEPLOYMENT_TARGET = 9.3;
				MTL_ENABLE_DEBUG_INFO = YES;
				ONLY_ACTIVE_ARCH = YES;
				SDKROOT = iphoneos;
				SWIFT_OPTIMIZATION_LEVEL = "-Onone";
				TARGETED_DEVICE_FAMILY = "1,2";
			};
			name = Debug;
		};
		83E8B8601D597A6F00224AB2 /* Release */ = {
			isa = XCBuildConfiguration;
			buildSettings = {
				ALWAYS_SEARCH_USER_PATHS = NO;
				CLANG_ANALYZER_NONNULL = YES;
				CLANG_CXX_LANGUAGE_STANDARD = "gnu++0x";
				CLANG_CXX_LIBRARY = "libc++";
				CLANG_ENABLE_MODULES = YES;
				CLANG_ENABLE_OBJC_ARC = YES;
				CLANG_WARN_BOOL_CONVERSION = YES;
				CLANG_WARN_CONSTANT_CONVERSION = YES;
				CLANG_WARN_DIRECT_OBJC_ISA_USAGE = YES_ERROR;
				CLANG_WARN_EMPTY_BODY = YES;
				CLANG_WARN_ENUM_CONVERSION = YES;
				CLANG_WARN_INT_CONVERSION = YES;
				CLANG_WARN_OBJC_ROOT_CLASS = YES_ERROR;
				CLANG_WARN_UNREACHABLE_CODE = YES;
				CLANG_WARN__DUPLICATE_METHOD_MATCH = YES;
				"CODE_SIGN_IDENTITY[sdk=iphoneos*]" = "iPhone Developer";
				COPY_PHASE_STRIP = NO;
				DEBUG_INFORMATION_FORMAT = "dwarf-with-dsym";
				ENABLE_NS_ASSERTIONS = NO;
				ENABLE_STRICT_OBJC_MSGSEND = YES;
				GCC_C_LANGUAGE_STANDARD = gnu99;
				GCC_NO_COMMON_BLOCKS = YES;
				GCC_WARN_64_TO_32_BIT_CONVERSION = YES;
				GCC_WARN_ABOUT_RETURN_TYPE = YES_ERROR;
				GCC_WARN_UNDECLARED_SELECTOR = YES;
				GCC_WARN_UNINITIALIZED_AUTOS = YES_AGGRESSIVE;
				GCC_WARN_UNUSED_FUNCTION = YES;
				GCC_WARN_UNUSED_VARIABLE = YES;
				IPHONEOS_DEPLOYMENT_TARGET = 9.3;
				MTL_ENABLE_DEBUG_INFO = NO;
				SDKROOT = iphoneos;
				TARGETED_DEVICE_FAMILY = "1,2";
				VALIDATE_PRODUCT = YES;
			};
			name = Release;
		};
		83E8B8621D597A6F00224AB2 /* Debug */ = {
			isa = XCBuildConfiguration;
			baseConfigurationReference = 27093C877295E9B79084EFE8 /* Pods-TekTok IOS.debug.xcconfig */;
			buildSettings = {
				ASSETCATALOG_COMPILER_APPICON_NAME = AppIcon;
				CLANG_ENABLE_MODULES = NO;
				CODE_SIGN_IDENTITY = "iPhone Developer";
				INFOPLIST_FILE = "TekTok IOS/Info.plist";
				LD_RUNPATH_SEARCH_PATHS = "$(inherited) @executable_path/Frameworks";
				PRODUCT_BUNDLE_IDENTIFIER = "zhiweimac.TekTok-IOS";
				PRODUCT_NAME = "$(TARGET_NAME)";
				SWIFT_OBJC_BRIDGING_HEADER = "TekTok-IOS-Bridging-Header.h";
			};
			name = Debug;
		};
		83E8B8631D597A6F00224AB2 /* Release */ = {
			isa = XCBuildConfiguration;
			baseConfigurationReference = 958385FF40E9802BA57D1433 /* Pods-TekTok IOS.release.xcconfig */;
			buildSettings = {
				ASSETCATALOG_COMPILER_APPICON_NAME = AppIcon;
				CLANG_ENABLE_MODULES = NO;
				CODE_SIGN_IDENTITY = "iPhone Developer";
				"HEADER_SEARCH_PATHS[arch=*]" = (
					"$(inherited)",
					"${PODS_ROOT}/Google/Headers",
					"$(inherited)",
					"\"${PODS_ROOT}/Headers/Public\"",
					"\"${PODS_ROOT}/Headers/Public/FirebaseAnalytics\"",
					"\"${PODS_ROOT}/Headers/Public/FirebaseInstanceID\"",
					"\"${PODS_ROOT}/Headers/Public/Google\"",
					"\"${PODS_ROOT}/Headers/Public/GoogleAppUtilities\"",
					"\"${PODS_ROOT}/Headers/Public/GoogleAuthUtilities\"",
					"\"${PODS_ROOT}/Headers/Public/GoogleInterchangeUtilities\"",
					"\"${PODS_ROOT}/Headers/Public/GoogleNetworkingUtilities\"",
					"\"${PODS_ROOT}/Headers/Public/GoogleSignIn\"",
					"\"${PODS_ROOT}/Headers/Public/GoogleSymbolUtilities\"",
					"\"${PODS_ROOT}/Headers/Public/GoogleUtilities\"",
					"\"$(SRCROOT)/**\"",
				);
				INFOPLIST_FILE = "TekTok IOS/Info.plist";
				LD_RUNPATH_SEARCH_PATHS = "$(inherited) @executable_path/Frameworks";
				PRODUCT_BUNDLE_IDENTIFIER = "zhiweimac.TekTok-IOS";
				PRODUCT_NAME = "$(TARGET_NAME)";
				SWIFT_OBJC_BRIDGING_HEADER = "TekTok-IOS-Bridging-Header.h";
			};
			name = Release;
		};
/* End XCBuildConfiguration section */

/* Begin XCConfigurationList section */
		83E8B84A1D597A6F00224AB2 /* Build configuration list for PBXProject "TekTok IOS" */ = {
			isa = XCConfigurationList;
			buildConfigurations = (
				83E8B85F1D597A6F00224AB2 /* Debug */,
				83E8B8601D597A6F00224AB2 /* Release */,
			);
			defaultConfigurationIsVisible = 0;
			defaultConfigurationName = Release;
		};
		83E8B8611D597A6F00224AB2 /* Build configuration list for PBXNativeTarget "TekTok IOS" */ = {
			isa = XCConfigurationList;
			buildConfigurations = (
				83E8B8621D597A6F00224AB2 /* Debug */,
				83E8B8631D597A6F00224AB2 /* Release */,
			);
			defaultConfigurationIsVisible = 0;
			defaultConfigurationName = Release;
		};
/* End XCConfigurationList section */
	};
	rootObject = 83E8B8471D597A6F00224AB2 /* Project object */;
}
